
Microsoft Visual Studio Solution File, Format Version 12.00
# Visual Studio Version 17
VisualStudioVersion = 17.3.32825.248
MinimumVisualStudioVersion = 10.0.40219.1
Project("{FAE04EC0-301F-11D3-BF4B-00C04F79EFBC}") = "Bai1", "Bai1\Bai1.csproj", "{AE3A69A7-BBDB-4EEF-B1F4-C583270CCB94}"
EndProject
Global
	GlobalSection(SolutionConfigurationPlatforms) = preSolution
		Debug|Any CPU = Debug|Any CPU
		Release|Any CPU = Release|Any CPU
	EndGlobalSection
	GlobalSection(ProjectConfigurationPlatforms) = postSolution
		{AE3A69A7-BBDB-4EEF-B1F4-C583270CCB94}.Debug|Any CPU.ActiveCfg = Debug|Any CPU
		{AE3A69A7-BBDB-4EEF-B1F4-C583270CCB94}.Debug|Any CPU.Build.0 = Debug|Any CPU
		{AE3A69A7-BBDB-4EEF-B1F4-C583270CCB94}.Release|Any CPU.ActiveCfg = Release|Any CPU
		{AE3A69A7-BBDB-4EEF-B1F4-C583270CCB94}.Release|Any CPU.Build.0 = Release|Any CPU
	EndGlobalSection
	GlobalSection(SolutionProperties) = preSolution
		HideSolutionNode = FALSE
	EndGlobalSection
	GlobalSection(ExtensibilityGlobals) = postSolution
		SolutionGuid = {68A9A8C4-44DE-4451-92F0-4AAF296811B7}
	EndGlobalSection
EndGlobal
